// !$*UTF8*$!
{
	archiveVersion = 1;
	classes = {
	};
	objectVersion = 56;
	objects = {

/* Begin PBXBuildFile section */
		15DF5D692AB1A238004CF0BA /* CalculatorApp.swift in Sources */ = {isa = PBXBuildFile; fileRef = 15DF5D682AB1A238004CF0BA /* CalculatorApp.swift */; };
		15DF5D6B2AB1A238004CF0BA /* ContentView.swift in Sources */ = {isa = PBXBuildFile; fileRef = 15DF5D6A2AB1A238004CF0BA /* ContentView.swift */; };
		15DF5D6D2AB1A23A004CF0BA /* Assets.xcassets in Resources */ = {isa = PBXBuildFile; fileRef = 15DF5D6C2AB1A23A004CF0BA /* Assets.xcassets */; };
		15DF5D712AB1A23A004CF0BA /* Preview Assets.xcassets in Resources */ = {isa = PBXBuildFile; fileRef = 15DF5D702AB1A23A004CF0BA /* Preview Assets.xcassets */; };
		15DF5D7E2AB1A309004CF0BA /* WidgetKit.framework in Frameworks */ = {isa = PBXBuildFile; fileRef = 15DF5D7D2AB1A309004CF0BA /* WidgetKit.framework */; };
		15DF5D802AB1A309004CF0BA /* SwiftUI.framework in Frameworks */ = {isa = PBXBuildFile; fileRef = 15DF5D7F2AB1A309004CF0BA /* SwiftUI.framework */; };
		15DF5D832AB1A309004CF0BA /* CalculatorWidgetBundle.swift in Sources */ = {isa = PBXBuildFile; fileRef = 15DF5D822AB1A309004CF0BA /* CalculatorWidgetBundle.swift */; };
		15DF5D852AB1A309004CF0BA /* CalculatorWidgetLiveActivity.swift in Sources */ = {isa = PBXBuildFile; fileRef = 15DF5D842AB1A309004CF0BA /* CalculatorWidgetLiveActivity.swift */; };
		15DF5D872AB1A309004CF0BA /* CalculatorWidget.swift in Sources */ = {isa = PBXBuildFile; fileRef = 15DF5D862AB1A309004CF0BA /* CalculatorWidget.swift */; };
		15DF5D892AB1A30C004CF0BA /* Assets.xcassets in Resources */ = {isa = PBXBuildFile; fileRef = 15DF5D882AB1A30C004CF0BA /* Assets.xcassets */; };
		15DF5D8D2AB1A30C004CF0BA /* CalculatorWidgetExtension.appex in Embed Foundation Extensions */ = {isa = PBXBuildFile; fileRef = 15DF5D7B2AB1A309004CF0BA /* CalculatorWidgetExtension.appex */; settings = {ATTRIBUTES = (RemoveHeadersOnCopy, ); }; };
		15DF5D932AB1A353004CF0BA /* WidgetView.swift in Sources */ = {isa = PBXBuildFile; fileRef = 15DF5D922AB1A353004CF0BA /* WidgetView.swift */; };
		15DF5D942AB1A372004CF0BA /* ContentView.swift in Sources */ = {isa = PBXBuildFile; fileRef = 15DF5D6A2AB1A238004CF0BA /* ContentView.swift */; };
		15DF5D962AB1D0F0004CF0BA /* CalculationIntent.swift in Sources */ = {isa = PBXBuildFile; fileRef = 15DF5D952AB1D0F0004CF0BA /* CalculationIntent.swift */; };
		15DF5D982AB1EFC2004CF0BA /* CalculationManager.swift in Sources */ = {isa = PBXBuildFile; fileRef = 15DF5D972AB1EFC2004CF0BA /* CalculationManager.swift */; };
/* End PBXBuildFile section */

/* Begin PBXContainerItemProxy section */
		15DF5D8B2AB1A30C004CF0BA /* PBXContainerItemProxy */ = {
			isa = PBXContainerItemProxy;
			containerPortal = 15DF5D5D2AB1A238004CF0BA /* Project object */;
			proxyType = 1;
			remoteGlobalIDString = 15DF5D7A2AB1A309004CF0BA;
			remoteInfo = CalculatorWidgetExtension;
		};
/* End PBXContainerItemProxy section */

/* Begin PBXCopyFilesBuildPhase section */
		15DF5D912AB1A30C004CF0BA /* Embed Foundation Extensions */ = {
			isa = PBXCopyFilesBuildPhase;
			buildActionMask = 2147483647;
			dstPath = "";
			dstSubfolderSpec = 13;
			files = (
				15DF5D8D2AB1A30C004CF0BA /* CalculatorWidgetExtension.appex in Embed Foundation Extensions */,
			);
			name = "Embed Foundation Extensions";
			runOnlyForDeploymentPostprocessing = 0;
		};
/* End PBXCopyFilesBuildPhase section */

/* Begin PBXFileReference section */
		15DF5D652AB1A238004CF0BA /* Calculator.app */ = {isa = PBXFileReference; explicitFileType = wrapper.application; includeInIndex = 0; path = Calculator.app; sourceTree = BUILT_PRODUCTS_DIR; };
		15DF5D682AB1A238004CF0BA /* CalculatorApp.swift */ = {isa = PBXFileReference; lastKnownFileType = sourcecode.swift; path = CalculatorApp.swift; sourceTree = "<group>"; };
		15DF5D6A2AB1A238004CF0BA /* ContentView.swift */ = {isa = PBXFileReference; lastKnownFileType = sourcecode.swift; path = ContentView.swift; sourceTree = "<group>"; };
		15DF5D6C2AB1A23A004CF0BA /* Assets.xcassets */ = {isa = PBXFileReference; lastKnownFileType = folder.assetcatalog; path = Assets.xcassets; sourceTree = "<group>"; };
		15DF5D6E2AB1A23A004CF0BA /* Calculator.entitlements */ = {isa = PBXFileReference; lastKnownFileType = text.plist.entitlements; path = Calculator.entitlements; sourceTree = "<group>"; };
		15DF5D702AB1A23A004CF0BA /* Preview Assets.xcassets */ = {isa = PBXFileReference; lastKnownFileType = folder.assetcatalog; path = "Preview Assets.xcassets"; sourceTree = "<group>"; };
		15DF5D7B2AB1A309004CF0BA /* CalculatorWidgetExtension.appex */ = {isa = PBXFileReference; explicitFileType = "wrapper.app-extension"; includeInIndex = 0; path = CalculatorWidgetExtension.appex; sourceTree = BUILT_PRODUCTS_DIR; };
		15DF5D7D2AB1A309004CF0BA /* WidgetKit.framework */ = {isa = PBXFileReference; lastKnownFileType = wrapper.framework; name = WidgetKit.framework; path = System/Library/Frameworks/WidgetKit.framework; sourceTree = SDKROOT; };
		15DF5D7F2AB1A309004CF0BA /* SwiftUI.framework */ = {isa = PBXFileReference; lastKnownFileType = wrapper.framework; name = SwiftUI.framework; path = System/Library/Frameworks/SwiftUI.framework; sourceTree = SDKROOT; };
		15DF5D822AB1A309004CF0BA /* CalculatorWidgetBundle.swift */ = {isa = PBXFileReference; lastKnownFileType = sourcecode.swift; path = CalculatorWidgetBundle.swift; sourceTree = "<group>"; };
		15DF5D842AB1A309004CF0BA /* CalculatorWidgetLiveActivity.swift */ = {isa = PBXFileReference; lastKnownFileType = sourcecode.swift; path = CalculatorWidgetLiveActivity.swift; sourceTree = "<group>"; };
		15DF5D862AB1A309004CF0BA /* CalculatorWidget.swift */ = {isa = PBXFileReference; lastKnownFileType = sourcecode.swift; path = CalculatorWidget.swift; sourceTree = "<group>"; };
		15DF5D882AB1A30C004CF0BA /* Assets.xcassets */ = {isa = PBXFileReference; lastKnownFileType = folder.assetcatalog; path = Assets.xcassets; sourceTree = "<group>"; };
		15DF5D8A2AB1A30C004CF0BA /* Info.plist */ = {isa = PBXFileReference; lastKnownFileType = text.plist.xml; path = Info.plist; sourceTree = "<group>"; };
		15DF5D922AB1A353004CF0BA /* WidgetView.swift */ = {isa = PBXFileReference; lastKnownFileType = sourcecode.swift; path = WidgetView.swift; sourceTree = "<group>"; };
		15DF5D952AB1D0F0004CF0BA /* CalculationIntent.swift */ = {isa = PBXFileReference; lastKnownFileType = sourcecode.swift; path = CalculationIntent.swift; sourceTree = "<group>"; };
		15DF5D972AB1EFC2004CF0BA /* CalculationManager.swift */ = {isa = PBXFileReference; lastKnownFileType = sourcecode.swift; path = CalculationManager.swift; sourceTree = "<group>"; };
/* End PBXFileReference section */

/* Begin PBXFrameworksBuildPhase section */
		15DF5D622AB1A238004CF0BA /* Frameworks */ = {
			isa = PBXFrameworksBuildPhase;
			buildActionMask = 2147483647;
			files = (
			);
			runOnlyForDeploymentPostprocessing = 0;
		};
		15DF5D782AB1A309004CF0BA /* Frameworks */ = {
			isa = PBXFrameworksBuildPhase;
			buildActionMask = 2147483647;
			files = (
				15DF5D802AB1A309004CF0BA /* SwiftUI.framework in Frameworks */,
				15DF5D7E2AB1A309004CF0BA /* WidgetKit.framework in Frameworks */,
			);
			runOnlyForDeploymentPostprocessing = 0;
		};
/* End PBXFrameworksBuildPhase section */

/* Begin PBXGroup section */
		15DF5D5C2AB1A238004CF0BA = {
			isa = PBXGroup;
			children = (
				15DF5D672AB1A238004CF0BA /* Calculator */,
				15DF5D812AB1A309004CF0BA /* CalculatorWidget */,
				15DF5D7C2AB1A309004CF0BA /* Frameworks */,
				15DF5D662AB1A238004CF0BA /* Products */,
			);
			sourceTree = "<group>";
		};
		15DF5D662AB1A238004CF0BA /* Products */ = {
			isa = PBXGroup;
			children = (
				15DF5D652AB1A238004CF0BA /* Calculator.app */,
				15DF5D7B2AB1A309004CF0BA /* CalculatorWidgetExtension.appex */,
			);
			name = Products;
			sourceTree = "<group>";
		};
		15DF5D672AB1A238004CF0BA /* Calculator */ = {
			isa = PBXGroup;
			children = (
				15DF5D682AB1A238004CF0BA /* CalculatorApp.swift */,
				15DF5D6A2AB1A238004CF0BA /* ContentView.swift */,
				15DF5D6C2AB1A23A004CF0BA /* Assets.xcassets */,
				15DF5D6E2AB1A23A004CF0BA /* Calculator.entitlements */,
				15DF5D6F2AB1A23A004CF0BA /* Preview Content */,
			);
			path = Calculator;
			sourceTree = "<group>";
		};
		15DF5D6F2AB1A23A004CF0BA /* Preview Content */ = {
			isa = PBXGroup;
			children = (
				15DF5D702AB1A23A004CF0BA /* Preview Assets.xcassets */,
			);
			path = "Preview Content";
			sourceTree = "<group>";
		};
		15DF5D7C2AB1A309004CF0BA /* Frameworks */ = {
			isa = PBXGroup;
			children = (
				15DF5D7D2AB1A309004CF0BA /* WidgetKit.framework */,
				15DF5D7F2AB1A309004CF0BA /* SwiftUI.framework */,
			);
			name = Frameworks;
			sourceTree = "<group>";
		};
		15DF5D812AB1A309004CF0BA /* CalculatorWidget */ = {
			isa = PBXGroup;
			children = (
				15DF5D822AB1A309004CF0BA /* CalculatorWidgetBundle.swift */,
				15DF5D842AB1A309004CF0BA /* CalculatorWidgetLiveActivity.swift */,
				15DF5D862AB1A309004CF0BA /* CalculatorWidget.swift */,
				15DF5D882AB1A30C004CF0BA /* Assets.xcassets */,
				15DF5D8A2AB1A30C004CF0BA /* Info.plist */,
				15DF5D922AB1A353004CF0BA /* WidgetView.swift */,
				15DF5D952AB1D0F0004CF0BA /* CalculationIntent.swift */,
				15DF5D972AB1EFC2004CF0BA /* CalculationManager.swift */,
			);
			path = CalculatorWidget;
			sourceTree = "<group>";
		};
/* End PBXGroup section */

/* Begin PBXNativeTarget section */
		15DF5D642AB1A238004CF0BA /* Calculator */ = {
			isa = PBXNativeTarget;
			buildConfigurationList = 15DF5D742AB1A23A004CF0BA /* Build configuration list for PBXNativeTarget "Calculator" */;
			buildPhases = (
				15DF5D612AB1A238004CF0BA /* Sources */,
				15DF5D622AB1A238004CF0BA /* Frameworks */,
				15DF5D632AB1A238004CF0BA /* Resources */,
				15DF5D912AB1A30C004CF0BA /* Embed Foundation Extensions */,
			);
			buildRules = (
			);
			dependencies = (
				15DF5D8C2AB1A30C004CF0BA /* PBXTargetDependency */,
			);
			name = Calculator;
			productName = Calculator;
			productReference = 15DF5D652AB1A238004CF0BA /* Calculator.app */;
			productType = "com.apple.product-type.application";
		};
		15DF5D7A2AB1A309004CF0BA /* CalculatorWidgetExtension */ = {
			isa = PBXNativeTarget;
			buildConfigurationList = 15DF5D8E2AB1A30C004CF0BA /* Build configuration list for PBXNativeTarget "CalculatorWidgetExtension" */;
			buildPhases = (
				15DF5D772AB1A309004CF0BA /* Sources */,
				15DF5D782AB1A309004CF0BA /* Frameworks */,
				15DF5D792AB1A309004CF0BA /* Resources */,
			);
			buildRules = (
			);
			dependencies = (
			);
			name = CalculatorWidgetExtension;
			productName = CalculatorWidgetExtension;
			productReference = 15DF5D7B2AB1A309004CF0BA /* CalculatorWidgetExtension.appex */;
			productType = "com.apple.product-type.app-extension";
		};
/* End PBXNativeTarget section */

/* Begin PBXProject section */
		15DF5D5D2AB1A238004CF0BA /* Project object */ = {
			isa = PBXProject;
			attributes = {
				BuildIndependentTargetsInParallel = 1;
				LastSwiftUpdateCheck = 1500;
				LastUpgradeCheck = 1500;
				TargetAttributes = {
					15DF5D642AB1A238004CF0BA = {
						CreatedOnToolsVersion = 15.0;
					};
					15DF5D7A2AB1A309004CF0BA = {
						CreatedOnToolsVersion = 15.0;
					};
				};
			};
			buildConfigurationList = 15DF5D602AB1A238004CF0BA /* Build configuration list for PBXProject "Calculator" */;
			compatibilityVersion = "Xcode 14.0";
			developmentRegion = en;
			hasScannedForEncodings = 0;
			knownRegions = (
				en,
				Base,
			);
			mainGroup = 15DF5D5C2AB1A238004CF0BA;
			productRefGroup = 15DF5D662AB1A238004CF0BA /* Products */;
			projectDirPath = "";
			projectRoot = "";
			targets = (
				15DF5D642AB1A238004CF0BA /* Calculator */,
				15DF5D7A2AB1A309004CF0BA /* CalculatorWidgetExtension */,
			);
		};
/* End PBXProject section */

/* Begin PBXResourcesBuildPhase section */
		15DF5D632AB1A238004CF0BA /* Resources */ = {
			isa = PBXResourcesBuildPhase;
			buildActionMask = 2147483647;
			files = (
				15DF5D712AB1A23A004CF0BA /* Preview Assets.xcassets in Resources */,
				15DF5D6D2AB1A23A004CF0BA /* Assets.xcassets in Resources */,
			);
			runOnlyForDeploymentPostprocessing = 0;
		};
		15DF5D792AB1A309004CF0BA /* Resources */ = {
			isa = PBXResourcesBuildPhase;
			buildActionMask = 2147483647;
			files = (
				15DF5D892AB1A30C004CF0BA /* Assets.xcassets in Resources */,
			);
			runOnlyForDeploymentPostprocessing = 0;
		};
/* End PBXResourcesBuildPhase section */

/* Begin PBXSourcesBuildPhase section */
		15DF5D612AB1A238004CF0BA /* Sources */ = {
			isa = PBXSourcesBuildPhase;
			buildActionMask = 2147483647;
			files = (
				15DF5D6B2AB1A238004CF0BA /* ContentView.swift in Sources */,
				15DF5D692AB1A238004CF0BA /* CalculatorApp.swift in Sources */,
			);
			runOnlyForDeploymentPostprocessing = 0;
		};
		15DF5D772AB1A309004CF0BA /* Sources */ = {
			isa = PBXSourcesBuildPhase;
			buildActionMask = 2147483647;
			files = (
				15DF5D982AB1EFC2004CF0BA /* CalculationManager.swift in Sources */,
				15DF5D852AB1A309004CF0BA /* CalculatorWidgetLiveActivity.swift in Sources */,
				15DF5D942AB1A372004CF0BA /* ContentView.swift in Sources */,
				15DF5D872AB1A309004CF0BA /* CalculatorWidget.swift in Sources */,
				15DF5D962AB1D0F0004CF0BA /* CalculationIntent.swift in Sources */,
				15DF5D932AB1A353004CF0BA /* WidgetView.swift in Sources */,
				15DF5D832AB1A309004CF0BA /* CalculatorWidgetBundle.swift in Sources */,
			);
			runOnlyForDeploymentPostprocessing = 0;
		};
/* End PBXSourcesBuildPhase section */

/* Begin PBXTargetDependency section */
		15DF5D8C2AB1A30C004CF0BA /* PBXTargetDependency */ = {
			isa = PBXTargetDependency;
			target = 15DF5D7A2AB1A309004CF0BA /* CalculatorWidgetExtension */;
			targetProxy = 15DF5D8B2AB1A30C004CF0BA /* PBXContainerItemProxy */;
		};
/* End PBXTargetDependency section */

/* Begin XCBuildConfiguration section */
		15DF5D722AB1A23A004CF0BA /* Debug */ = {
			isa = XCBuildConfiguration;
			buildSettings = {
				ALWAYS_SEARCH_USER_PATHS = NO;
				ASSETCATALOG_COMPILER_GENERATE_SWIFT_ASSET_SYMBOL_EXTENSIONS = YES;
				CLANG_ANALYZER_NONNULL = YES;
				CLANG_ANALYZER_NUMBER_OBJECT_CONVERSION = YES_AGGRESSIVE;
				CLANG_CXX_LANGUAGE_STANDARD = "gnu++20";
				CLANG_ENABLE_MODULES = YES;
				CLANG_ENABLE_OBJC_ARC = YES;
				CLANG_ENABLE_OBJC_WEAK = YES;
				CLANG_WARN_BLOCK_CAPTURE_AUTORELEASING = YES;
				CLANG_WARN_BOOL_CONVERSION = YES;
				CLANG_WARN_COMMA = YES;
				CLANG_WARN_CONSTANT_CONVERSION = YES;
				CLANG_WARN_DEPRECATED_OBJC_IMPLEMENTATIONS = YES;
				CLANG_WARN_DIRECT_OBJC_ISA_USAGE = YES_ERROR;
				CLANG_WARN_DOCUMENTATION_COMMENTS = YES;
				CLANG_WARN_EMPTY_BODY = YES;
				CLANG_WARN_ENUM_CONVERSION = YES;
				CLANG_WARN_INFINITE_RECURSION = YES;
				CLANG_WARN_INT_CONVERSION = YES;
				CLANG_WARN_NON_LITERAL_NULL_CONVERSION = YES;
				CLANG_WARN_OBJC_IMPLICIT_RETAIN_SELF = YES;
				CLANG_WARN_OBJC_LITERAL_CONVERSION = YES;
				CLANG_WARN_OBJC_ROOT_CLASS = YES_ERROR;
				CLANG_WARN_QUOTED_INCLUDE_IN_FRAMEWORK_HEADER = YES;
				CLANG_WARN_RANGE_LOOP_ANALYSIS = YES;
				CLANG_WARN_STRICT_PROTOTYPES = YES;
				CLANG_WARN_SUSPICIOUS_MOVE = YES;
				CLANG_WARN_UNGUARDED_AVAILABILITY = YES_AGGRESSIVE;
				CLANG_WARN_UNREACHABLE_CODE = YES;
				CLANG_WARN__DUPLICATE_METHOD_MATCH = YES;
				COPY_PHASE_STRIP = NO;
				DEBUG_INFORMATION_FORMAT = dwarf;
				ENABLE_STRICT_OBJC_MSGSEND = YES;
				ENABLE_TESTABILITY = YES;
				ENABLE_USER_SCRIPT_SANDBOXING = YES;
				GCC_C_LANGUAGE_STANDARD = gnu17;
				GCC_DYNAMIC_NO_PIC = NO;
				GCC_NO_COMMON_BLOCKS = YES;
				GCC_OPTIMIZATION_LEVEL = 0;
				GCC_PREPROCESSOR_DEFINITIONS = (
					"DEBUG=1",
					"$(inherited)",
				);
				GCC_WARN_64_TO_32_BIT_CONVERSION = YES;
				GCC_WARN_ABOUT_RETURN_TYPE = YES_ERROR;
				GCC_WARN_UNDECLARED_SELECTOR = YES;
				GCC_WARN_UNINITIALIZED_AUTOS = YES_AGGRESSIVE;
				GCC_WARN_UNUSED_FUNCTION = YES;
				GCC_WARN_UNUSED_VARIABLE = YES;
				LOCALIZATION_PREFERS_STRING_CATALOGS = YES;
				MTL_ENABLE_DEBUG_INFO = INCLUDE_SOURCE;
				MTL_FAST_MATH = YES;
				ONLY_ACTIVE_ARCH = YES;
				SWIFT_ACTIVE_COMPILATION_CONDITIONS = "DEBUG $(inherited)";
				SWIFT_OPTIMIZATION_LEVEL = "-Onone";
			};
			name = Debug;
		};
		15DF5D732AB1A23A004CF0BA /* Release */ = {
			isa = XCBuildConfiguration;
			buildSettings = {
				ALWAYS_SEARCH_USER_PATHS = NO;
				ASSETCATALOG_COMPILER_GENERATE_SWIFT_ASSET_SYMBOL_EXTENSIONS = YES;
				CLANG_ANALYZER_NONNULL = YES;
				CLANG_ANALYZER_NUMBER_OBJECT_CONVERSION = YES_AGGRESSIVE;
				CLANG_CXX_LANGUAGE_STANDARD = "gnu++20";
				CLANG_ENABLE_MODULES = YES;
				CLANG_ENABLE_OBJC_ARC = YES;
				CLANG_ENABLE_OBJC_WEAK = YES;
				CLANG_WARN_BLOCK_CAPTURE_AUTORELEASING = YES;
				CLANG_WARN_BOOL_CONVERSION = YES;
				CLANG_WARN_COMMA = YES;
				CLANG_WARN_CONSTANT_CONVERSION = YES;
				CLANG_WARN_DEPRECATED_OBJC_IMPLEMENTATIONS = YES;
				CLANG_WARN_DIRECT_OBJC_ISA_USAGE = YES_ERROR;
				CLANG_WARN_DOCUMENTATION_COMMENTS = YES;
				CLANG_WARN_EMPTY_BODY = YES;
				CLANG_WARN_ENUM_CONVERSION = YES;
				CLANG_WARN_INFINITE_RECURSION = YES;
				CLANG_WARN_INT_CONVERSION = YES;
				CLANG_WARN_NON_LITERAL_NULL_CONVERSION = YES;
				CLANG_WARN_OBJC_IMPLICIT_RETAIN_SELF = YES;
				CLANG_WARN_OBJC_LITERAL_CONVERSION = YES;
				CLANG_WARN_OBJC_ROOT_CLASS = YES_ERROR;
				CLANG_WARN_QUOTED_INCLUDE_IN_FRAMEWORK_HEADER = YES;
				CLANG_WARN_RANGE_LOOP_ANALYSIS = YES;
				CLANG_WARN_STRICT_PROTOTYPES = YES;
				CLANG_WARN_SUSPICIOUS_MOVE = YES;
				CLANG_WARN_UNGUARDED_AVAILABILITY = YES_AGGRESSIVE;
				CLANG_WARN_UNREACHABLE_CODE = YES;
				CLANG_WARN__DUPLICATE_METHOD_MATCH = YES;
				COPY_PHASE_STRIP = NO;
				DEBUG_INFORMATION_FORMAT = "dwarf-with-dsym";
				ENABLE_NS_ASSERTIONS = NO;
				ENABLE_STRICT_OBJC_MSGSEND = YES;
				ENABLE_USER_SCRIPT_SANDBOXING = YES;
				GCC_C_LANGUAGE_STANDARD = gnu17;
				GCC_NO_COMMON_BLOCKS = YES;
				GCC_WARN_64_TO_32_BIT_CONVERSION = YES;
				GCC_WARN_ABOUT_RETURN_TYPE = YES_ERROR;
				GCC_WARN_UNDECLARED_SELECTOR = YES;
				GCC_WARN_UNINITIALIZED_AUTOS = YES_AGGRESSIVE;
				GCC_WARN_UNUSED_FUNCTION = YES;
				GCC_WARN_UNUSED_VARIABLE = YES;
				LOCALIZATION_PREFERS_STRING_CATALOGS = YES;
				MTL_ENABLE_DEBUG_INFO = NO;
				MTL_FAST_MATH = YES;
				SWIFT_COMPILATION_MODE = wholemodule;
			};
			name = Release;
		};
		15DF5D752AB1A23A004CF0BA /* Debug */ = {
			isa = XCBuildConfiguration;
			buildSettings = {
				ALWAYS_EMBED_SWIFT_STANDARD_LIBRARIES = YES;
				ASSETCATALOG_COMPILER_APPICON_NAME = AppIcon;
				ASSETCATALOG_COMPILER_GLOBAL_ACCENT_COLOR_NAME = AccentColor;
				CODE_SIGN_ENTITLEMENTS = Calculator/Calculator.entitlements;
				CODE_SIGN_STYLE = Automatic;
				CURRENT_PROJECT_VERSION = 1;
				DEVELOPMENT_ASSET_PATHS = "\"Calculator/Preview Content\"";
				DEVELOPMENT_TEAM = QS4Z3MJ49V;
				ENABLE_HARDENED_RUNTIME = YES;
				ENABLE_PREVIEWS = YES;
				GENERATE_INFOPLIST_FILE = YES;
				"INFOPLIST_KEY_UIApplicationSceneManifest_Generation[sdk=iphoneos*]" = YES;
				"INFOPLIST_KEY_UIApplicationSceneManifest_Generation[sdk=iphonesimulator*]" = YES;
				"INFOPLIST_KEY_UIApplicationSupportsIndirectInputEvents[sdk=iphoneos*]" = YES;
				"INFOPLIST_KEY_UIApplicationSupportsIndirectInputEvents[sdk=iphonesimulator*]" = YES;
				"INFOPLIST_KEY_UILaunchScreen_Generation[sdk=iphoneos*]" = YES;
				"INFOPLIST_KEY_UILaunchScreen_Generation[sdk=iphonesimulator*]" = YES;
				"INFOPLIST_KEY_UIStatusBarStyle[sdk=iphoneos*]" = UIStatusBarStyleDefault;
				"INFOPLIST_KEY_UIStatusBarStyle[sdk=iphonesimulator*]" = UIStatusBarStyleDefault;
				INFOPLIST_KEY_UISupportedInterfaceOrientations_iPad = "UIInterfaceOrientationPortrait UIInterfaceOrientationPortraitUpsideDown UIInterfaceOrientationLandscapeLeft UIInterfaceOrientationLandscapeRight";
				INFOPLIST_KEY_UISupportedInterfaceOrientations_iPhone = "UIInterfaceOrientationPortrait UIInterfaceOrientationLandscapeLeft UIInterfaceOrientationLandscapeRight";
				IPHONEOS_DEPLOYMENT_TARGET = 17.0;
				LD_RUNPATH_SEARCH_PATHS = "@executable_path/Frameworks";
				"LD_RUNPATH_SEARCH_PATHS[sdk=macosx*]" = "@executable_path/../Frameworks";
				MACOSX_DEPLOYMENT_TARGET = 13.5;
				MARKETING_VERSION = 1.0;
				PRODUCT_BUNDLE_IDENTIFIER = tech.ismailov.Calculator;
				PRODUCT_NAME = "$(TARGET_NAME)";
				SDKROOT = auto;
				SUPPORTED_PLATFORMS = "iphoneos iphonesimulator macosx";
				SWIFT_EMIT_LOC_STRINGS = YES;
				SWIFT_VERSION = 5.0;
				TARGETED_DEVICE_FAMILY = "1,2";
			};
			name = Debug;
		};
		15DF5D762AB1A23A004CF0BA /* Release */ = {
			isa = XCBuildConfiguration;
			buildSettings = {
				ALWAYS_EMBED_SWIFT_STANDARD_LIBRARIES = YES;
				ASSETCATALOG_COMPILER_APPICON_NAME = AppIcon;
				ASSETCATALOG_COMPILER_GLOBAL_ACCENT_COLOR_NAME = AccentColor;
				CODE_SIGN_ENTITLEMENTS = Calculator/Calculator.entitlements;
				CODE_SIGN_STYLE = Automatic;
				CURRENT_PROJECT_VERSION = 1;
				DEVELOPMENT_ASSET_PATHS = "\"Calculator/Preview Content\"";
				DEVELOPMENT_TEAM = QS4Z3MJ49V;
				ENABLE_HARDENED_RUNTIME = YES;
				ENABLE_PREVIEWS = YES;
				GENERATE_INFOPLIST_FILE = YES;
				"INFOPLIST_KEY_UIApplicationSceneManifest_Generation[sdk=iphoneos*]" = YES;
				"INFOPLIST_KEY_UIApplicationSceneManifest_Generation[sdk=iphonesimulator*]" = YES;
				"INFOPLIST_KEY_UIApplicationSupportsIndirectInputEvents[sdk=iphoneos*]" = YES;
				"INFOPLIST_KEY_UIApplicationSupportsIndirectInputEvents[sdk=iphonesimulator*]" = YES;
				"INFOPLIST_KEY_UILaunchScreen_Generation[sdk=iphoneos*]" = YES;
				"INFOPLIST_KEY_UILaunchScreen_Generation[sdk=iphonesimulator*]" = YES;
				"INFOPLIST_KEY_UIStatusBarStyle[sdk=iphoneos*]" = UIStatusBarStyleDefault;
				"INFOPLIST_KEY_UIStatusBarStyle[sdk=iphonesimulator*]" = UIStatusBarStyleDefault;
				INFOPLIST_KEY_UISupportedInterfaceOrientations_iPad = "UIInterfaceOrientationPortrait UIInterfaceOrientationPortraitUpsideDown UIInterfaceOrientationLandscapeLeft UIInterfaceOrientationLandscapeRight";
				INFOPLIST_KEY_UISupportedInterfaceOrientations_iPhone = "UIInterfaceOrientationPortrait UIInterfaceOrientationLandscapeLeft UIInterfaceOrientationLandscapeRight";
				IPHONEOS_DEPLOYMENT_TARGET = 17.0;
				LD_RUNPATH_SEARCH_PATHS = "@executable_path/Frameworks";
				"LD_RUNPATH_SEARCH_PATHS[sdk=macosx*]" = "@executable_path/../Frameworks";
				MACOSX_DEPLOYMENT_TARGET = 13.5;
				MARKETING_VERSION = 1.0;
				PRODUCT_BUNDLE_IDENTIFIER = tech.ismailov.Calculator;
				PRODUCT_NAME = "$(TARGET_NAME)";
				SDKROOT = auto;
				SUPPORTED_PLATFORMS = "iphoneos iphonesimulator macosx";
				SWIFT_EMIT_LOC_STRINGS = YES;
				SWIFT_VERSION = 5.0;
				TARGETED_DEVICE_FAMILY = "1,2";
			};
			name = Release;
		};
		15DF5D8F2AB1A30C004CF0BA /* Debug */ = {
			isa = XCBuildConfiguration;
			buildSettings = {
				ASSETCATALOG_COMPILER_GLOBAL_ACCENT_COLOR_NAME = AccentColor;
				ASSETCATALOG_COMPILER_WIDGET_BACKGROUND_COLOR_NAME = WidgetBackground;
				CODE_SIGN_STYLE = Automatic;
				CURRENT_PROJECT_VERSION = 1;
				DEVELOPMENT_TEAM = QS4Z3MJ49V;
				GENERATE_INFOPLIST_FILE = YES;
				INFOPLIST_FILE = CalculatorWidget/Info.plist;
				INFOPLIST_KEY_CFBundleDisplayName = CalculatorWidget;
				INFOPLIST_KEY_NSHumanReadableCopyright = "";
				IPHONEOS_DEPLOYMENT_TARGET = 17.0;
				LD_RUNPATH_SEARCH_PATHS = (
					"$(inherited)",
					"@executable_path/Frameworks",
					"@executable_path/../../Frameworks",
				);
				MARKETING_VERSION = 1.0;
				PRODUCT_BUNDLE_IDENTIFIER = tech.ismailov.Calculator.CalculatorWidget;
				PRODUCT_NAME = "$(TARGET_NAME)";
				SDKROOT = iphoneos;
				SKIP_INSTALL = YES;
				SWIFT_EMIT_LOC_STRINGS = YES;
				SWIFT_VERSION = 5.0;
				TARGETED_DEVICE_FAMILY = "1,2";
			};
			name = Debug;
		};
		15DF5D902AB1A30C004CF0BA /* Release */ = {
			isa = XCBuildConfiguration;
			buildSettings = {
				ASSETCATALOG_COMPILER_GLOBAL_ACCENT_COLOR_NAME = AccentColor;
				ASSETCATALOG_COMPILER_WIDGET_BACKGROUND_COLOR_NAME = WidgetBackground;
				CODE_SIGN_STYLE = Automatic;
				CURRENT_PROJECT_VERSION = 1;
				DEVELOPMENT_TEAM = QS4Z3MJ49V;
				GENERATE_INFOPLIST_FILE = YES;
				INFOPLIST_FILE = CalculatorWidget/Info.plist;
				INFOPLIST_KEY_CFBundleDisplayName = CalculatorWidget;
				INFOPLIST_KEY_NSHumanReadableCopyright = "";
				IPHONEOS_DEPLOYMENT_TARGET = 17.0;
				LD_RUNPATH_SEARCH_PATHS = (
					"$(inherited)",
					"@executable_path/Frameworks",
					"@executable_path/../../Frameworks",
				);
				MARKETING_VERSION = 1.0;
				PRODUCT_BUNDLE_IDENTIFIER = tech.ismailov.Calculator.CalculatorWidget;
				PRODUCT_NAME = "$(TARGET_NAME)";
				SDKROOT = iphoneos;
				SKIP_INSTALL = YES;
				SWIFT_EMIT_LOC_STRINGS = YES;
				SWIFT_VERSION = 5.0;
				TARGETED_DEVICE_FAMILY = "1,2";
				VALIDATE_PRODUCT = YES;
			};
			name = Release;
		};
/* End XCBuildConfiguration section */

/* Begin XCConfigurationList section */
		15DF5D602AB1A238004CF0BA /* Build configuration list for PBXProject "Calculator" */ = {
			isa = XCConfigurationList;
			buildConfigurations = (
				15DF5D722AB1A23A004CF0BA /* Debug */,
				15DF5D732AB1A23A004CF0BA /* Release */,
			);
			defaultConfigurationIsVisible = 0;
			defaultConfigurationName = Release;
		};
		15DF5D742AB1A23A004CF0BA /* Build configuration list for PBXNativeTarget "Calculator" */ = {
			isa = XCConfigurationList;
			buildConfigurations = (
				15DF5D752AB1A23A004CF0BA /* Debug */,
				15DF5D762AB1A23A004CF0BA /* Release */,
			);
			defaultConfigurationIsVisible = 0;
			defaultConfigurationName = Release;
		};
		15DF5D8E2AB1A30C004CF0BA /* Build configuration list for PBXNativeTarget "CalculatorWidgetExtension" */ = {
			isa = XCConfigurationList;
			buildConfigurations = (
				15DF5D8F2AB1A30C004CF0BA /* Debug */,
				15DF5D902AB1A30C004CF0BA /* Release */,
			);
			defaultConfigurationIsVisible = 0;
			defaultConfigurationName = Release;
		};
/* End XCConfigurationList section */
	};
	rootObject = 15DF5D5D2AB1A238004CF0BA /* Project object */;
}
